// !$*UTF8*$!
{
	archiveVersion = 1;
	classes = {
	};
	objectVersion = 50;
	objects = {

/* Begin PBXBuildFile section */
		364701075A6CCE97111A5CAD /* Pods_Walking_alarm_clock_Walking_alarm_clockUITests.framework in Frameworks */ = {isa = PBXBuildFile; fileRef = EFB282AFE253C0DF9C1B2BBF /* Pods_Walking_alarm_clock_Walking_alarm_clockUITests.framework */; };
		4444703A2327127F0068AC42 /* AppDelegate.swift in Sources */ = {isa = PBXBuildFile; fileRef = 444470392327127F0068AC42 /* AppDelegate.swift */; };
		4444703C2327127F0068AC42 /* ViewController.swift in Sources */ = {isa = PBXBuildFile; fileRef = 4444703B2327127F0068AC42 /* ViewController.swift */; };
		4444703F2327127F0068AC42 /* Main.storyboard in Resources */ = {isa = PBXBuildFile; fileRef = 4444703D2327127F0068AC42 /* Main.storyboard */; };
		44447041232712820068AC42 /* Assets.xcassets in Resources */ = {isa = PBXBuildFile; fileRef = 44447040232712820068AC42 /* Assets.xcassets */; };
		44447044232712820068AC42 /* LaunchScreen.storyboard in Resources */ = {isa = PBXBuildFile; fileRef = 44447042232712820068AC42 /* LaunchScreen.storyboard */; };
		4444704F232712830068AC42 /* Walking_alarm_clockTests.swift in Sources */ = {isa = PBXBuildFile; fileRef = 4444704E232712830068AC42 /* Walking_alarm_clockTests.swift */; };
		4444705A232712830068AC42 /* Walking_alarm_clockUITests.swift in Sources */ = {isa = PBXBuildFile; fileRef = 44447059232712830068AC42 /* Walking_alarm_clockUITests.swift */; };
		44C0B568233847320015110B /* AlarmModel.swift in Sources */ = {isa = PBXBuildFile; fileRef = 44C0B567233847320015110B /* AlarmModel.swift */; };
		44C0B56A23384C520015110B /* Notification.swift in Sources */ = {isa = PBXBuildFile; fileRef = 44C0B56923384C520015110B /* Notification.swift */; };
		44C0B56D23386C6B0015110B /* PedometerVC.swift in Sources */ = {isa = PBXBuildFile; fileRef = 44C0B56C23386C6B0015110B /* PedometerVC.swift */; };
		6F3335114290657252E155C5 /* Pods_Walking_alarm_clockTests.framework in Frameworks */ = {isa = PBXBuildFile; fileRef = C0A141EFE2E8BB30E17E6168 /* Pods_Walking_alarm_clockTests.framework */; };
		FB3FFA11175EF58718E102FF /* Pods_Walking_alarm_clock.framework in Frameworks */ = {isa = PBXBuildFile; fileRef = 7B466ECBC57152E08CD7E94B /* Pods_Walking_alarm_clock.framework */; };
/* End PBXBuildFile section */

/* Begin PBXContainerItemProxy section */
		4444704B232712830068AC42 /* PBXContainerItemProxy */ = {
			isa = PBXContainerItemProxy;
			containerPortal = 4444702E2327127E0068AC42 /* Project object */;
			proxyType = 1;
			remoteGlobalIDString = 444470352327127E0068AC42;
			remoteInfo = Walking_alarm_clock;
		};
		44447056232712830068AC42 /* PBXContainerItemProxy */ = {
			isa = PBXContainerItemProxy;
			containerPortal = 4444702E2327127E0068AC42 /* Project object */;
			proxyType = 1;
			remoteGlobalIDString = 444470352327127E0068AC42;
			remoteInfo = Walking_alarm_clock;
		};
/* End PBXContainerItemProxy section */

/* Begin PBXFileReference section */
		0968B7E1D61D82DD25FE25F0 /* Pods-Walking_alarm_clock.release.xcconfig */ = {isa = PBXFileReference; includeInIndex = 1; lastKnownFileType = text.xcconfig; name = "Pods-Walking_alarm_clock.release.xcconfig"; path = "Target Support Files/Pods-Walking_alarm_clock/Pods-Walking_alarm_clock.release.xcconfig"; sourceTree = "<group>"; };
		361BF6038340F1412A81EB37 /* Pods-Walking_alarm_clock-Walking_alarm_clockUITests.debug.xcconfig */ = {isa = PBXFileReference; includeInIndex = 1; lastKnownFileType = text.xcconfig; name = "Pods-Walking_alarm_clock-Walking_alarm_clockUITests.debug.xcconfig"; path = "Target Support Files/Pods-Walking_alarm_clock-Walking_alarm_clockUITests/Pods-Walking_alarm_clock-Walking_alarm_clockUITests.debug.xcconfig"; sourceTree = "<group>"; };
		4227CD3A1B5DEE2C58946953 /* Pods-Walking_alarm_clockTests.release.xcconfig */ = {isa = PBXFileReference; includeInIndex = 1; lastKnownFileType = text.xcconfig; name = "Pods-Walking_alarm_clockTests.release.xcconfig"; path = "Target Support Files/Pods-Walking_alarm_clockTests/Pods-Walking_alarm_clockTests.release.xcconfig"; sourceTree = "<group>"; };
		444470362327127F0068AC42 /* Walking_alarm_clock.app */ = {isa = PBXFileReference; explicitFileType = wrapper.application; includeInIndex = 0; path = Walking_alarm_clock.app; sourceTree = BUILT_PRODUCTS_DIR; };
		444470392327127F0068AC42 /* AppDelegate.swift */ = {isa = PBXFileReference; lastKnownFileType = sourcecode.swift; path = AppDelegate.swift; sourceTree = "<group>"; };
		4444703B2327127F0068AC42 /* ViewController.swift */ = {isa = PBXFileReference; lastKnownFileType = sourcecode.swift; path = ViewController.swift; sourceTree = "<group>"; };
		4444703E2327127F0068AC42 /* Base */ = {isa = PBXFileReference; lastKnownFileType = file.storyboard; name = Base; path = Base.lproj/Main.storyboard; sourceTree = "<group>"; };
		44447040232712820068AC42 /* Assets.xcassets */ = {isa = PBXFileReference; lastKnownFileType = folder.assetcatalog; path = Assets.xcassets; sourceTree = "<group>"; };
		44447043232712820068AC42 /* Base */ = {isa = PBXFileReference; lastKnownFileType = file.storyboard; name = Base; path = Base.lproj/LaunchScreen.storyboard; sourceTree = "<group>"; };
		44447045232712820068AC42 /* Info.plist */ = {isa = PBXFileReference; lastKnownFileType = text.plist.xml; path = Info.plist; sourceTree = "<group>"; };
		4444704A232712830068AC42 /* Walking_alarm_clockTests.xctest */ = {isa = PBXFileReference; explicitFileType = wrapper.cfbundle; includeInIndex = 0; path = Walking_alarm_clockTests.xctest; sourceTree = BUILT_PRODUCTS_DIR; };
		4444704E232712830068AC42 /* Walking_alarm_clockTests.swift */ = {isa = PBXFileReference; lastKnownFileType = sourcecode.swift; path = Walking_alarm_clockTests.swift; sourceTree = "<group>"; };
		44447050232712830068AC42 /* Info.plist */ = {isa = PBXFileReference; lastKnownFileType = text.plist.xml; path = Info.plist; sourceTree = "<group>"; };
		44447055232712830068AC42 /* Walking_alarm_clockUITests.xctest */ = {isa = PBXFileReference; explicitFileType = wrapper.cfbundle; includeInIndex = 0; path = Walking_alarm_clockUITests.xctest; sourceTree = BUILT_PRODUCTS_DIR; };
		44447059232712830068AC42 /* Walking_alarm_clockUITests.swift */ = {isa = PBXFileReference; lastKnownFileType = sourcecode.swift; path = Walking_alarm_clockUITests.swift; sourceTree = "<group>"; };
		4444705B232712830068AC42 /* Info.plist */ = {isa = PBXFileReference; lastKnownFileType = text.plist.xml; path = Info.plist; sourceTree = "<group>"; };
		44C0B567233847320015110B /* AlarmModel.swift */ = {isa = PBXFileReference; lastKnownFileType = sourcecode.swift; path = AlarmModel.swift; sourceTree = "<group>"; };
		44C0B56923384C520015110B /* Notification.swift */ = {isa = PBXFileReference; lastKnownFileType = sourcecode.swift; path = Notification.swift; sourceTree = "<group>"; };
		44C0B56C23386C6B0015110B /* PedometerVC.swift */ = {isa = PBXFileReference; lastKnownFileType = sourcecode.swift; path = PedometerVC.swift; sourceTree = "<group>"; };
		7B466ECBC57152E08CD7E94B /* Pods_Walking_alarm_clock.framework */ = {isa = PBXFileReference; explicitFileType = wrapper.framework; includeInIndex = 0; path = Pods_Walking_alarm_clock.framework; sourceTree = BUILT_PRODUCTS_DIR; };
		AEF4FF79CD679FC9FFEF3DE4 /* Pods-Walking_alarm_clockTests.debug.xcconfig */ = {isa = PBXFileReference; includeInIndex = 1; lastKnownFileType = text.xcconfig; name = "Pods-Walking_alarm_clockTests.debug.xcconfig"; path = "Target Support Files/Pods-Walking_alarm_clockTests/Pods-Walking_alarm_clockTests.debug.xcconfig"; sourceTree = "<group>"; };
		C0A141EFE2E8BB30E17E6168 /* Pods_Walking_alarm_clockTests.framework */ = {isa = PBXFileReference; explicitFileType = wrapper.framework; includeInIndex = 0; path = Pods_Walking_alarm_clockTests.framework; sourceTree = BUILT_PRODUCTS_DIR; };
		D73494600FDBA69913CAD360 /* Pods-Walking_alarm_clock-Walking_alarm_clockUITests.release.xcconfig */ = {isa = PBXFileReference; includeInIndex = 1; lastKnownFileType = text.xcconfig; name = "Pods-Walking_alarm_clock-Walking_alarm_clockUITests.release.xcconfig"; path = "Target Support Files/Pods-Walking_alarm_clock-Walking_alarm_clockUITests/Pods-Walking_alarm_clock-Walking_alarm_clockUITests.release.xcconfig"; sourceTree = "<group>"; };
		E914052F3C16E2A703C42CF5 /* Pods-Walking_alarm_clock.debug.xcconfig */ = {isa = PBXFileReference; includeInIndex = 1; lastKnownFileType = text.xcconfig; name = "Pods-Walking_alarm_clock.debug.xcconfig"; path = "Target Support Files/Pods-Walking_alarm_clock/Pods-Walking_alarm_clock.debug.xcconfig"; sourceTree = "<group>"; };
		EFB282AFE253C0DF9C1B2BBF /* Pods_Walking_alarm_clock_Walking_alarm_clockUITests.framework */ = {isa = PBXFileReference; explicitFileType = wrapper.framework; includeInIndex = 0; path = Pods_Walking_alarm_clock_Walking_alarm_clockUITests.framework; sourceTree = BUILT_PRODUCTS_DIR; };
/* End PBXFileReference section */

/* Begin PBXFrameworksBuildPhase section */
		444470332327127E0068AC42 /* Frameworks */ = {
			isa = PBXFrameworksBuildPhase;
			buildActionMask = 2147483647;
			files = (
				FB3FFA11175EF58718E102FF /* Pods_Walking_alarm_clock.framework in Frameworks */,
			);
			runOnlyForDeploymentPostprocessing = 0;
		};
		44447047232712830068AC42 /* Frameworks */ = {
			isa = PBXFrameworksBuildPhase;
			buildActionMask = 2147483647;
			files = (
				6F3335114290657252E155C5 /* Pods_Walking_alarm_clockTests.framework in Frameworks */,
			);
			runOnlyForDeploymentPostprocessing = 0;
		};
		44447052232712830068AC42 /* Frameworks */ = {
			isa = PBXFrameworksBuildPhase;
			buildActionMask = 2147483647;
			files = (
				364701075A6CCE97111A5CAD /* Pods_Walking_alarm_clock_Walking_alarm_clockUITests.framework in Frameworks */,
			);
			runOnlyForDeploymentPostprocessing = 0;
		};
/* End PBXFrameworksBuildPhase section */

/* Begin PBXGroup section */
		09AFC5E497A862AC8B8D13DA /* Pods */ = {
			isa = PBXGroup;
			children = (
				E914052F3C16E2A703C42CF5 /* Pods-Walking_alarm_clock.debug.xcconfig */,
				0968B7E1D61D82DD25FE25F0 /* Pods-Walking_alarm_clock.release.xcconfig */,
				361BF6038340F1412A81EB37 /* Pods-Walking_alarm_clock-Walking_alarm_clockUITests.debug.xcconfig */,
				D73494600FDBA69913CAD360 /* Pods-Walking_alarm_clock-Walking_alarm_clockUITests.release.xcconfig */,
				AEF4FF79CD679FC9FFEF3DE4 /* Pods-Walking_alarm_clockTests.debug.xcconfig */,
				4227CD3A1B5DEE2C58946953 /* Pods-Walking_alarm_clockTests.release.xcconfig */,
			);
			path = Pods;
			sourceTree = "<group>";
		};
		31A9E4CCA42AE8BD647ADC6F /* Frameworks */ = {
			isa = PBXGroup;
			children = (
				7B466ECBC57152E08CD7E94B /* Pods_Walking_alarm_clock.framework */,
				EFB282AFE253C0DF9C1B2BBF /* Pods_Walking_alarm_clock_Walking_alarm_clockUITests.framework */,
				C0A141EFE2E8BB30E17E6168 /* Pods_Walking_alarm_clockTests.framework */,
			);
			name = Frameworks;
			sourceTree = "<group>";
		};
		4444702D2327127E0068AC42 = {
			isa = PBXGroup;
			children = (
				444470382327127F0068AC42 /* Walking_alarm_clock */,
				4444704D232712830068AC42 /* Walking_alarm_clockTests */,
				44447058232712830068AC42 /* Walking_alarm_clockUITests */,
				444470372327127F0068AC42 /* Products */,
				09AFC5E497A862AC8B8D13DA /* Pods */,
				31A9E4CCA42AE8BD647ADC6F /* Frameworks */,
			);
			sourceTree = "<group>";
		};
		444470372327127F0068AC42 /* Products */ = {
			isa = PBXGroup;
			children = (
				444470362327127F0068AC42 /* Walking_alarm_clock.app */,
				4444704A232712830068AC42 /* Walking_alarm_clockTests.xctest */,
				44447055232712830068AC42 /* Walking_alarm_clockUITests.xctest */,
			);
			name = Products;
			sourceTree = "<group>";
		};
		444470382327127F0068AC42 /* Walking_alarm_clock */ = {
			isa = PBXGroup;
			children = (
				44C0B563233846990015110B /* Models */,
				44C0B564233846A40015110B /* View Models */,
				44C0B565233846B00015110B /* Controllers */,
				44C0B566233846BB0015110B /* Views */,
				444470392327127F0068AC42 /* AppDelegate.swift */,
				44447040232712820068AC42 /* Assets.xcassets */,
				44447042232712820068AC42 /* LaunchScreen.storyboard */,
				44447045232712820068AC42 /* Info.plist */,
			);
			path = Walking_alarm_clock;
			sourceTree = "<group>";
		};
		4444704D232712830068AC42 /* Walking_alarm_clockTests */ = {
			isa = PBXGroup;
			children = (
				4444704E232712830068AC42 /* Walking_alarm_clockTests.swift */,
				44447050232712830068AC42 /* Info.plist */,
			);
			path = Walking_alarm_clockTests;
			sourceTree = "<group>";
		};
		44447058232712830068AC42 /* Walking_alarm_clockUITests */ = {
			isa = PBXGroup;
			children = (
				44447059232712830068AC42 /* Walking_alarm_clockUITests.swift */,
				4444705B232712830068AC42 /* Info.plist */,
			);
			path = Walking_alarm_clockUITests;
			sourceTree = "<group>";
		};
		44C0B563233846990015110B /* Models */ = {
			isa = PBXGroup;
			children = (
				44C0B567233847320015110B /* AlarmModel.swift */,
				44C0B56923384C520015110B /* Notification.swift */,
			);
			path = Models;
			sourceTree = "<group>";
		};
		44C0B564233846A40015110B /* View Models */ = {
			isa = PBXGroup;
			children = (
			);
			path = "View Models";
			sourceTree = "<group>";
		};
		44C0B565233846B00015110B /* Controllers */ = {
			isa = PBXGroup;
			children = (
				4444703B2327127F0068AC42 /* ViewController.swift */,
				44C0B56C23386C6B0015110B /* PedometerVC.swift */,
			);
			path = Controllers;
			sourceTree = "<group>";
		};
		44C0B566233846BB0015110B /* Views */ = {
			isa = PBXGroup;
			children = (
				4444703D2327127F0068AC42 /* Main.storyboard */,
			);
			path = Views;
			sourceTree = "<group>";
		};
/* End PBXGroup section */

/* Begin PBXNativeTarget section */
		444470352327127E0068AC42 /* Walking_alarm_clock */ = {
			isa = PBXNativeTarget;
			buildConfigurationList = 4444705E232712830068AC42 /* Build configuration list for PBXNativeTarget "Walking_alarm_clock" */;
			buildPhases = (
				02200D0FCFBB87663FE4C771 /* [CP] Check Pods Manifest.lock */,
				444470322327127E0068AC42 /* Sources */,
				444470332327127E0068AC42 /* Frameworks */,
				444470342327127E0068AC42 /* Resources */,
				44C0B56223381E670015110B /* ShellScript */,
			);
			buildRules = (
			);
			dependencies = (
			);
			name = Walking_alarm_clock;
			productName = Walking_alarm_clock;
			productReference = 444470362327127F0068AC42 /* Walking_alarm_clock.app */;
			productType = "com.apple.product-type.application";
		};
		44447049232712830068AC42 /* Walking_alarm_clockTests */ = {
			isa = PBXNativeTarget;
			buildConfigurationList = 44447061232712830068AC42 /* Build configuration list for PBXNativeTarget "Walking_alarm_clockTests" */;
			buildPhases = (
				7F0CAFB592C042DBBDD7028C /* [CP] Check Pods Manifest.lock */,
				44447046232712830068AC42 /* Sources */,
				44447047232712830068AC42 /* Frameworks */,
				44447048232712830068AC42 /* Resources */,
			);
			buildRules = (
			);
			dependencies = (
				4444704C232712830068AC42 /* PBXTargetDependency */,
			);
			name = Walking_alarm_clockTests;
			productName = Walking_alarm_clockTests;
			productReference = 4444704A232712830068AC42 /* Walking_alarm_clockTests.xctest */;
			productType = "com.apple.product-type.bundle.unit-test";
		};
		44447054232712830068AC42 /* Walking_alarm_clockUITests */ = {
			isa = PBXNativeTarget;
			buildConfigurationList = 44447064232712830068AC42 /* Build configuration list for PBXNativeTarget "Walking_alarm_clockUITests" */;
			buildPhases = (
				7B6A2D12704EBF0C8CC550E1 /* [CP] Check Pods Manifest.lock */,
				44447051232712830068AC42 /* Sources */,
				44447052232712830068AC42 /* Frameworks */,
				44447053232712830068AC42 /* Resources */,
			);
			buildRules = (
			);
			dependencies = (
				44447057232712830068AC42 /* PBXTargetDependency */,
			);
			name = Walking_alarm_clockUITests;
			productName = Walking_alarm_clockUITests;
			productReference = 44447055232712830068AC42 /* Walking_alarm_clockUITests.xctest */;
			productType = "com.apple.product-type.bundle.ui-testing";
		};
/* End PBXNativeTarget section */

/* Begin PBXProject section */
		4444702E2327127E0068AC42 /* Project object */ = {
			isa = PBXProject;
			attributes = {
				LastSwiftUpdateCheck = 1030;
				LastUpgradeCheck = 1030;
				ORGANIZATIONNAME = "Jackson Ho";
				TargetAttributes = {
					444470352327127E0068AC42 = {
						CreatedOnToolsVersion = 10.3;
					};
					44447049232712830068AC42 = {
						CreatedOnToolsVersion = 10.3;
						TestTargetID = 444470352327127E0068AC42;
					};
					44447054232712830068AC42 = {
						CreatedOnToolsVersion = 10.3;
						TestTargetID = 444470352327127E0068AC42;
					};
				};
			};
			buildConfigurationList = 444470312327127E0068AC42 /* Build configuration list for PBXProject "Walking_alarm_clock" */;
			compatibilityVersion = "Xcode 9.3";
			developmentRegion = en;
			hasScannedForEncodings = 0;
			knownRegions = (
				en,
				Base,
			);
			mainGroup = 4444702D2327127E0068AC42;
			productRefGroup = 444470372327127F0068AC42 /* Products */;
			projectDirPath = "";
			projectRoot = "";
			targets = (
				444470352327127E0068AC42 /* Walking_alarm_clock */,
				44447049232712830068AC42 /* Walking_alarm_clockTests */,
				44447054232712830068AC42 /* Walking_alarm_clockUITests */,
			);
		};
/* End PBXProject section */

/* Begin PBXResourcesBuildPhase section */
		444470342327127E0068AC42 /* Resources */ = {
			isa = PBXResourcesBuildPhase;
			buildActionMask = 2147483647;
			files = (
				44447044232712820068AC42 /* LaunchScreen.storyboard in Resources */,
				44447041232712820068AC42 /* Assets.xcassets in Resources */,
				4444703F2327127F0068AC42 /* Main.storyboard in Resources */,
			);
			runOnlyForDeploymentPostprocessing = 0;
		};
		44447048232712830068AC42 /* Resources */ = {
			isa = PBXResourcesBuildPhase;
			buildActionMask = 2147483647;
			files = (
			);
			runOnlyForDeploymentPostprocessing = 0;
		};
		44447053232712830068AC42 /* Resources */ = {
			isa = PBXResourcesBuildPhase;
			buildActionMask = 2147483647;
			files = (
			);
			runOnlyForDeploymentPostprocessing = 0;
		};
/* End PBXResourcesBuildPhase section */

/* Begin PBXShellScriptBuildPhase section */
		02200D0FCFBB87663FE4C771 /* [CP] Check Pods Manifest.lock */ = {
			isa = PBXShellScriptBuildPhase;
			buildActionMask = 2147483647;
			files = (
			);
			inputFileListPaths = (
			);
			inputPaths = (
				"${PODS_PODFILE_DIR_PATH}/Podfile.lock",
				"${PODS_ROOT}/Manifest.lock",
			);
			name = "[CP] Check Pods Manifest.lock";
			outputFileListPaths = (
			);
			outputPaths = (
				"$(DERIVED_FILE_DIR)/Pods-Walking_alarm_clock-checkManifestLockResult.txt",
			);
			runOnlyForDeploymentPostprocessing = 0;
			shellPath = /bin/sh;
			shellScript = "diff \"${PODS_PODFILE_DIR_PATH}/Podfile.lock\" \"${PODS_ROOT}/Manifest.lock\" > /dev/null\nif [ $? != 0 ] ; then\n    # print error to STDERR\n    echo \"error: The sandbox is not in sync with the Podfile.lock. Run 'pod install' or update your CocoaPods installation.\" >&2\n    exit 1\nfi\n# This output is used by Xcode 'outputs' to avoid re-running this script phase.\necho \"SUCCESS\" > \"${SCRIPT_OUTPUT_FILE_0}\"\n";
			showEnvVarsInLog = 0;
		};
		44C0B56223381E670015110B /* ShellScript */ = {
			isa = PBXShellScriptBuildPhase;
			buildActionMask = 2147483647;
			files = (
			);
			inputFileListPaths = (
			);
			inputPaths = (
			);
			outputFileListPaths = (
			);
			outputPaths = (
			);
			runOnlyForDeploymentPostprocessing = 0;
			shellPath = /bin/sh;
			shellScript = "# Type a script or drag a script file from your workspace to insert its path.\n\"${PODS_ROOT}/SwiftLint/swiftlint\"\n";
		};
		7B6A2D12704EBF0C8CC550E1 /* [CP] Check Pods Manifest.lock */ = {
			isa = PBXShellScriptBuildPhase;
			buildActionMask = 2147483647;
			files = (
			);
			inputFileListPaths = (
			);
			inputPaths = (
				"${PODS_PODFILE_DIR_PATH}/Podfile.lock",
				"${PODS_ROOT}/Manifest.lock",
			);
			name = "[CP] Check Pods Manifest.lock";
			outputFileListPaths = (
			);
			outputPaths = (
				"$(DERIVED_FILE_DIR)/Pods-Walking_alarm_clock-Walking_alarm_clockUITests-checkManifestLockResult.txt",
			);
			runOnlyForDeploymentPostprocessing = 0;
			shellPath = /bin/sh;
			shellScript = "diff \"${PODS_PODFILE_DIR_PATH}/Podfile.lock\" \"${PODS_ROOT}/Manifest.lock\" > /dev/null\nif [ $? != 0 ] ; then\n    # print error to STDERR\n    echo \"error: The sandbox is not in sync with the Podfile.lock. Run 'pod install' or update your CocoaPods installation.\" >&2\n    exit 1\nfi\n# This output is used by Xcode 'outputs' to avoid re-running this script phase.\necho \"SUCCESS\" > \"${SCRIPT_OUTPUT_FILE_0}\"\n";
			showEnvVarsInLog = 0;
		};
		7F0CAFB592C042DBBDD7028C /* [CP] Check Pods Manifest.lock */ = {
			isa = PBXShellScriptBuildPhase;
			buildActionMask = 2147483647;
			files = (
			);
			inputFileListPaths = (
			);
			inputPaths = (
				"${PODS_PODFILE_DIR_PATH}/Podfile.lock",
				"${PODS_ROOT}/Manifest.lock",
			);
			name = "[CP] Check Pods Manifest.lock";
			outputFileListPaths = (
			);
			outputPaths = (
				"$(DERIVED_FILE_DIR)/Pods-Walking_alarm_clockTests-checkManifestLockResult.txt",
			);
			runOnlyForDeploymentPostprocessing = 0;
			shellPath = /bin/sh;
			shellScript = "diff \"${PODS_PODFILE_DIR_PATH}/Podfile.lock\" \"${PODS_ROOT}/Manifest.lock\" > /dev/null\nif [ $? != 0 ] ; then\n    # print error to STDERR\n    echo \"error: The sandbox is not in sync with the Podfile.lock. Run 'pod install' or update your CocoaPods installation.\" >&2\n    exit 1\nfi\n# This output is used by Xcode 'outputs' to avoid re-running this script phase.\necho \"SUCCESS\" > \"${SCRIPT_OUTPUT_FILE_0}\"\n";
			showEnvVarsInLog = 0;
		};
/* End PBXShellScriptBuildPhase section */

/* Begin PBXSourcesBuildPhase section */
		444470322327127E0068AC42 /* Sources */ = {
			isa = PBXSourcesBuildPhase;
			buildActionMask = 2147483647;
			files = (
				44C0B56A23384C520015110B /* Notification.swift in Sources */,
				44C0B56D23386C6B0015110B /* PedometerVC.swift in Sources */,
				4444703C2327127F0068AC42 /* ViewController.swift in Sources */,
				9DB671D423397E05008C9F48 /* AlarmViewModel.swift in Sources */,
				4444703A2327127F0068AC42 /* AppDelegate.swift in Sources */,
				44C0B568233847320015110B /* AlarmModel.swift in Sources */,
			);
			runOnlyForDeploymentPostprocessing = 0;
		};
		44447046232712830068AC42 /* Sources */ = {
			isa = PBXSourcesBuildPhase;
			buildActionMask = 2147483647;
			files = (
				4444704F232712830068AC42 /* Walking_alarm_clockTests.swift in Sources */,
			);
			runOnlyForDeploymentPostprocessing = 0;
		};
		44447051232712830068AC42 /* Sources */ = {
			isa = PBXSourcesBuildPhase;
			buildActionMask = 2147483647;
			files = (
				4444705A232712830068AC42 /* Walking_alarm_clockUITests.swift in Sources */,
			);
			runOnlyForDeploymentPostprocessing = 0;
		};
/* End PBXSourcesBuildPhase section */

/* Begin PBXTargetDependency section */
		4444704C232712830068AC42 /* PBXTargetDependency */ = {
			isa = PBXTargetDependency;
			target = 444470352327127E0068AC42 /* Walking_alarm_clock */;
			targetProxy = 4444704B232712830068AC42 /* PBXContainerItemProxy */;
		};
		44447057232712830068AC42 /* PBXTargetDependency */ = {
			isa = PBXTargetDependency;
			target = 444470352327127E0068AC42 /* Walking_alarm_clock */;
			targetProxy = 44447056232712830068AC42 /* PBXContainerItemProxy */;
		};
/* End PBXTargetDependency section */

/* Begin PBXVariantGroup section */
		4444703D2327127F0068AC42 /* Main.storyboard */ = {
			isa = PBXVariantGroup;
			children = (
				4444703E2327127F0068AC42 /* Base */,
			);
			name = Main.storyboard;
			sourceTree = "<group>";
		};
		44447042232712820068AC42 /* LaunchScreen.storyboard */ = {
			isa = PBXVariantGroup;
			children = (
				44447043232712820068AC42 /* Base */,
			);
			name = LaunchScreen.storyboard;
			sourceTree = "<group>";
		};
/* End PBXVariantGroup section */

/* Begin XCBuildConfiguration section */
		4444705C232712830068AC42 /* Debug */ = {
			isa = XCBuildConfiguration;
			buildSettings = {
				ALWAYS_SEARCH_USER_PATHS = NO;
				CLANG_ANALYZER_NONNULL = YES;
				CLANG_ANALYZER_NUMBER_OBJECT_CONVERSION = YES_AGGRESSIVE;
				CLANG_CXX_LANGUAGE_STANDARD = "gnu++14";
				CLANG_CXX_LIBRARY = "libc++";
				CLANG_ENABLE_MODULES = YES;
				CLANG_ENABLE_OBJC_ARC = YES;
				CLANG_ENABLE_OBJC_WEAK = YES;
				CLANG_WARN_BLOCK_CAPTURE_AUTORELEASING = YES;
				CLANG_WARN_BOOL_CONVERSION = YES;
				CLANG_WARN_COMMA = YES;
				CLANG_WARN_CONSTANT_CONVERSION = YES;
				CLANG_WARN_DEPRECATED_OBJC_IMPLEMENTATIONS = YES;
				CLANG_WARN_DIRECT_OBJC_ISA_USAGE = YES_ERROR;
				CLANG_WARN_DOCUMENTATION_COMMENTS = YES;
				CLANG_WARN_EMPTY_BODY = YES;
				CLANG_WARN_ENUM_CONVERSION = YES;
				CLANG_WARN_INFINITE_RECURSION = YES;
				CLANG_WARN_INT_CONVERSION = YES;
				CLANG_WARN_NON_LITERAL_NULL_CONVERSION = YES;
				CLANG_WARN_OBJC_IMPLICIT_RETAIN_SELF = YES;
				CLANG_WARN_OBJC_LITERAL_CONVERSION = YES;
				CLANG_WARN_OBJC_ROOT_CLASS = YES_ERROR;
				CLANG_WARN_RANGE_LOOP_ANALYSIS = YES;
				CLANG_WARN_STRICT_PROTOTYPES = YES;
				CLANG_WARN_SUSPICIOUS_MOVE = YES;
				CLANG_WARN_UNGUARDED_AVAILABILITY = YES_AGGRESSIVE;
				CLANG_WARN_UNREACHABLE_CODE = YES;
				CLANG_WARN__DUPLICATE_METHOD_MATCH = YES;
				CODE_SIGN_IDENTITY = "iPhone Developer";
				COPY_PHASE_STRIP = NO;
				DEBUG_INFORMATION_FORMAT = dwarf;
				ENABLE_STRICT_OBJC_MSGSEND = YES;
				ENABLE_TESTABILITY = YES;
				GCC_C_LANGUAGE_STANDARD = gnu11;
				GCC_DYNAMIC_NO_PIC = NO;
				GCC_NO_COMMON_BLOCKS = YES;
				GCC_OPTIMIZATION_LEVEL = 0;
				GCC_PREPROCESSOR_DEFINITIONS = (
					"DEBUG=1",
					"$(inherited)",
				);
				GCC_WARN_64_TO_32_BIT_CONVERSION = YES;
				GCC_WARN_ABOUT_RETURN_TYPE = YES_ERROR;
				GCC_WARN_UNDECLARED_SELECTOR = YES;
				GCC_WARN_UNINITIALIZED_AUTOS = YES_AGGRESSIVE;
				GCC_WARN_UNUSED_FUNCTION = YES;
				GCC_WARN_UNUSED_VARIABLE = YES;
				IPHONEOS_DEPLOYMENT_TARGET = 12.4;
				MTL_ENABLE_DEBUG_INFO = INCLUDE_SOURCE;
				MTL_FAST_MATH = YES;
				ONLY_ACTIVE_ARCH = YES;
				SDKROOT = iphoneos;
				SWIFT_ACTIVE_COMPILATION_CONDITIONS = DEBUG;
				SWIFT_OPTIMIZATION_LEVEL = "-Onone";
			};
			name = Debug;
		};
		4444705D232712830068AC42 /* Release */ = {
			isa = XCBuildConfiguration;
			buildSettings = {
				ALWAYS_SEARCH_USER_PATHS = NO;
				CLANG_ANALYZER_NONNULL = YES;
				CLANG_ANALYZER_NUMBER_OBJECT_CONVERSION = YES_AGGRESSIVE;
				CLANG_CXX_LANGUAGE_STANDARD = "gnu++14";
				CLANG_CXX_LIBRARY = "libc++";
				CLANG_ENABLE_MODULES = YES;
				CLANG_ENABLE_OBJC_ARC = YES;
				CLANG_ENABLE_OBJC_WEAK = YES;
				CLANG_WARN_BLOCK_CAPTURE_AUTORELEASING = YES;
				CLANG_WARN_BOOL_CONVERSION = YES;
				CLANG_WARN_COMMA = YES;
				CLANG_WARN_CONSTANT_CONVERSION = YES;
				CLANG_WARN_DEPRECATED_OBJC_IMPLEMENTATIONS = YES;
				CLANG_WARN_DIRECT_OBJC_ISA_USAGE = YES_ERROR;
				CLANG_WARN_DOCUMENTATION_COMMENTS = YES;
				CLANG_WARN_EMPTY_BODY = YES;
				CLANG_WARN_ENUM_CONVERSION = YES;
				CLANG_WARN_INFINITE_RECURSION = YES;
				CLANG_WARN_INT_CONVERSION = YES;
				CLANG_WARN_NON_LITERAL_NULL_CONVERSION = YES;
				CLANG_WARN_OBJC_IMPLICIT_RETAIN_SELF = YES;
				CLANG_WARN_OBJC_LITERAL_CONVERSION = YES;
				CLANG_WARN_OBJC_ROOT_CLASS = YES_ERROR;
				CLANG_WARN_RANGE_LOOP_ANALYSIS = YES;
				CLANG_WARN_STRICT_PROTOTYPES = YES;
				CLANG_WARN_SUSPICIOUS_MOVE = YES;
				CLANG_WARN_UNGUARDED_AVAILABILITY = YES_AGGRESSIVE;
				CLANG_WARN_UNREACHABLE_CODE = YES;
				CLANG_WARN__DUPLICATE_METHOD_MATCH = YES;
				CODE_SIGN_IDENTITY = "iPhone Developer";
				COPY_PHASE_STRIP = NO;
				DEBUG_INFORMATION_FORMAT = "dwarf-with-dsym";
				ENABLE_NS_ASSERTIONS = NO;
				ENABLE_STRICT_OBJC_MSGSEND = YES;
				GCC_C_LANGUAGE_STANDARD = gnu11;
				GCC_NO_COMMON_BLOCKS = YES;
				GCC_WARN_64_TO_32_BIT_CONVERSION = YES;
				GCC_WARN_ABOUT_RETURN_TYPE = YES_ERROR;
				GCC_WARN_UNDECLARED_SELECTOR = YES;
				GCC_WARN_UNINITIALIZED_AUTOS = YES_AGGRESSIVE;
				GCC_WARN_UNUSED_FUNCTION = YES;
				GCC_WARN_UNUSED_VARIABLE = YES;
				IPHONEOS_DEPLOYMENT_TARGET = 12.4;
				MTL_ENABLE_DEBUG_INFO = NO;
				MTL_FAST_MATH = YES;
				SDKROOT = iphoneos;
				SWIFT_COMPILATION_MODE = wholemodule;
				SWIFT_OPTIMIZATION_LEVEL = "-O";
				VALIDATE_PRODUCT = YES;
			};
			name = Release;
		};
		4444705F232712830068AC42 /* Debug */ = {
			isa = XCBuildConfiguration;
			baseConfigurationReference = E914052F3C16E2A703C42CF5 /* Pods-Walking_alarm_clock.debug.xcconfig */;
			buildSettings = {
				ASSETCATALOG_COMPILER_APPICON_NAME = AppIcon;
				CODE_SIGN_STYLE = Automatic;
				DEVELOPMENT_TEAM = XYLZ368J9Q;
				INFOPLIST_FILE = Walking_alarm_clock/Info.plist;
				LD_RUNPATH_SEARCH_PATHS = (
					"$(inherited)",
					"@executable_path/Frameworks",
				);
				PRODUCT_BUNDLE_IDENTIFIER = "co.jacksonHo.Walking-alarm-clock";
				PRODUCT_NAME = "$(TARGET_NAME)";
				SWIFT_VERSION = 5.0;
				TARGETED_DEVICE_FAMILY = "1,2";
			};
			name = Debug;
		};
		44447060232712830068AC42 /* Release */ = {
			isa = XCBuildConfiguration;
			baseConfigurationReference = 0968B7E1D61D82DD25FE25F0 /* Pods-Walking_alarm_clock.release.xcconfig */;
			buildSettings = {
				ASSETCATALOG_COMPILER_APPICON_NAME = AppIcon;
				CODE_SIGN_STYLE = Automatic;
				DEVELOPMENT_TEAM = XYLZ368J9Q;
				INFOPLIST_FILE = Walking_alarm_clock/Info.plist;
				LD_RUNPATH_SEARCH_PATHS = (
					"$(inherited)",
					"@executable_path/Frameworks",
				);
				PRODUCT_BUNDLE_IDENTIFIER = "co.jacksonHo.Walking-alarm-clock";
				PRODUCT_NAME = "$(TARGET_NAME)";
				SWIFT_VERSION = 5.0;
				TARGETED_DEVICE_FAMILY = "1,2";
			};
			name = Release;
		};
		44447062232712830068AC42 /* Debug */ = {
			isa = XCBuildConfiguration;
			baseConfigurationReference = AEF4FF79CD679FC9FFEF3DE4 /* Pods-Walking_alarm_clockTests.debug.xcconfig */;
			buildSettings = {
				ALWAYS_EMBED_SWIFT_STANDARD_LIBRARIES = YES;
				BUNDLE_LOADER = "$(TEST_HOST)";
				CODE_SIGN_STYLE = Automatic;
				DEVELOPMENT_TEAM = XYLZ368J9Q;
				INFOPLIST_FILE = Walking_alarm_clockTests/Info.plist;
				LD_RUNPATH_SEARCH_PATHS = (
					"$(inherited)",
					"@executable_path/Frameworks",
					"@loader_path/Frameworks",
				);
				PRODUCT_BUNDLE_IDENTIFIER = "co.jacksonHo.Walking-alarm-clockTests";
				PRODUCT_NAME = "$(TARGET_NAME)";
				SWIFT_VERSION = 5.0;
				TARGETED_DEVICE_FAMILY = "1,2";
				TEST_HOST = "$(BUILT_PRODUCTS_DIR)/Walking_alarm_clock.app/Walking_alarm_clock";
			};
			name = Debug;
		};
		44447063232712830068AC42 /* Release */ = {
			isa = XCBuildConfiguration;
			baseConfigurationReference = 4227CD3A1B5DEE2C58946953 /* Pods-Walking_alarm_clockTests.release.xcconfig */;
			buildSettings = {
				ALWAYS_EMBED_SWIFT_STANDARD_LIBRARIES = YES;
				BUNDLE_LOADER = "$(TEST_HOST)";
				CODE_SIGN_STYLE = Automatic;
				DEVELOPMENT_TEAM = XYLZ368J9Q;
				INFOPLIST_FILE = Walking_alarm_clockTests/Info.plist;
				LD_RUNPATH_SEARCH_PATHS = (
					"$(inherited)",
					"@executable_path/Frameworks",
					"@loader_path/Frameworks",
				);
				PRODUCT_BUNDLE_IDENTIFIER = "co.jacksonHo.Walking-alarm-clockTests";
				PRODUCT_NAME = "$(TARGET_NAME)";
				SWIFT_VERSION = 5.0;
				TARGETED_DEVICE_FAMILY = "1,2";
				TEST_HOST = "$(BUILT_PRODUCTS_DIR)/Walking_alarm_clock.app/Walking_alarm_clock";
			};
			name = Release;
		};
		44447065232712830068AC42 /* Debug */ = {
			isa = XCBuildConfiguration;
			baseConfigurationReference = 361BF6038340F1412A81EB37 /* Pods-Walking_alarm_clock-Walking_alarm_clockUITests.debug.xcconfig */;
			buildSettings = {
				ALWAYS_EMBED_SWIFT_STANDARD_LIBRARIES = YES;
				CODE_SIGN_STYLE = Automatic;
				DEVELOPMENT_TEAM = XYLZ368J9Q;
				INFOPLIST_FILE = Walking_alarm_clockUITests/Info.plist;
				LD_RUNPATH_SEARCH_PATHS = (
					"$(inherited)",
					"@executable_path/Frameworks",
					"@loader_path/Frameworks",
				);
				PRODUCT_BUNDLE_IDENTIFIER = "co.jacksonHo.Walking-alarm-clockUITests";
				PRODUCT_NAME = "$(TARGET_NAME)";
				SWIFT_VERSION = 5.0;
				TARGETED_DEVICE_FAMILY = "1,2";
				TEST_TARGET_NAME = Walking_alarm_clock;
			};
			name = Debug;
		};
		44447066232712830068AC42 /* Release */ = {
			isa = XCBuildConfiguration;
			baseConfigurationReference = D73494600FDBA69913CAD360 /* Pods-Walking_alarm_clock-Walking_alarm_clockUITests.release.xcconfig */;
			buildSettings = {
				ALWAYS_EMBED_SWIFT_STANDARD_LIBRARIES = YES;
				CODE_SIGN_STYLE = Automatic;
				DEVELOPMENT_TEAM = XYLZ368J9Q;
				INFOPLIST_FILE = Walking_alarm_clockUITests/Info.plist;
				LD_RUNPATH_SEARCH_PATHS = (
					"$(inherited)",
					"@executable_path/Frameworks",
					"@loader_path/Frameworks",
				);
				PRODUCT_BUNDLE_IDENTIFIER = "co.jacksonHo.Walking-alarm-clockUITests";
				PRODUCT_NAME = "$(TARGET_NAME)";
				SWIFT_VERSION = 5.0;
				TARGETED_DEVICE_FAMILY = "1,2";
				TEST_TARGET_NAME = Walking_alarm_clock;
			};
			name = Release;
		};
/* End XCBuildConfiguration section */

/* Begin XCConfigurationList section */
		444470312327127E0068AC42 /* Build configuration list for PBXProject "Walking_alarm_clock" */ = {
			isa = XCConfigurationList;
			buildConfigurations = (
				4444705C232712830068AC42 /* Debug */,
				4444705D232712830068AC42 /* Release */,
			);
			defaultConfigurationIsVisible = 0;
			defaultConfigurationName = Release;
		};
		4444705E232712830068AC42 /* Build configuration list for PBXNativeTarget "Walking_alarm_clock" */ = {
			isa = XCConfigurationList;
			buildConfigurations = (
				4444705F232712830068AC42 /* Debug */,
				44447060232712830068AC42 /* Release */,
			);
			defaultConfigurationIsVisible = 0;
			defaultConfigurationName = Release;
		};
		44447061232712830068AC42 /* Build configuration list for PBXNativeTarget "Walking_alarm_clockTests" */ = {
			isa = XCConfigurationList;
			buildConfigurations = (
				44447062232712830068AC42 /* Debug */,
				44447063232712830068AC42 /* Release */,
			);
			defaultConfigurationIsVisible = 0;
			defaultConfigurationName = Release;
		};
		44447064232712830068AC42 /* Build configuration list for PBXNativeTarget "Walking_alarm_clockUITests" */ = {
			isa = XCConfigurationList;
			buildConfigurations = (
				44447065232712830068AC42 /* Debug */,
				44447066232712830068AC42 /* Release */,
			);
			defaultConfigurationIsVisible = 0;
			defaultConfigurationName = Release;
		};
/* End XCConfigurationList section */
	};
	rootObject = 4444702E2327127E0068AC42 /* Project object */;
}
